
Microsoft Visual Studio Solution File, Format Version 12.00
# Visual Studio Version 17
VisualStudioVersion = 17.0.32014.148
MinimumVisualStudioVersion = 10.0.40219.1
Project("{2150E333-8FDC-42A3-9474-1A3956D46DE8}") = "Services", "Services", "{139723CE-A4AD-406E-86B1-6A2358A19CBC}"
EndProject
Project("{2150E333-8FDC-42A3-9474-1A3956D46DE8}") = "Contact", "Contact", "{16B3A059-E2FF-4E08-9546-C6ACA10927BD}"
EndProject
Project("{2150E333-8FDC-42A3-9474-1A3956D46DE8}") = "Report", "Report", "{D07E442B-D315-4AC6-B29B-6AEA419F0E51}"
EndProject
Project("{9A19103F-16F7-4668-BE54-9A1E7A4F7556}") = "Contact.API", "Contact.API\Contact.API.csproj", "{F33CE4E5-F7C0-4365-A723-3DFEE60053C6}"
EndProject
Project("{9A19103F-16F7-4668-BE54-9A1E7A4F7556}") = "Contact.Entity", "Contact.Entity\Contact.Entity.csproj", "{51140F38-5024-43CF-970A-D71F6C4556B9}"
EndProject
Project("{9A19103F-16F7-4668-BE54-9A1E7A4F7556}") = "Contact.Data", "Contact.Data\Contact.Data.csproj", "{1CC92FCF-8FB4-4319-B265-838E69EBA841}"
EndProject
Project("{9A19103F-16F7-4668-BE54-9A1E7A4F7556}") = "Contact.Business", "Contact.Business\Contact.Business.csproj", "{EC556C69-C9DF-41E7-B13C-FAA56AD23C6B}"
EndProject
Project("{9A19103F-16F7-4668-BE54-9A1E7A4F7556}") = "Report.API", "Report.API\Report.API.csproj", "{14369827-89C4-4A83-BFFE-B24220179857}"
EndProject
Project("{9A19103F-16F7-4668-BE54-9A1E7A4F7556}") = "Report.Entity", "Report.Entity\Report.Entity.csproj", "{A1B3BF8D-2831-4783-8E70-FDEA070076C2}"
EndProject
Project("{9A19103F-16F7-4668-BE54-9A1E7A4F7556}") = "Report.Data", "Report.Data\Report.Data.csproj", "{56590492-63CC-40AD-BC35-FCB08E23BAF5}"
EndProject
Project("{9A19103F-16F7-4668-BE54-9A1E7A4F7556}") = "Report.Business", "Report.Business\Report.Business.csproj", "{55FF40EB-594F-49D3-9F5C-39E917BF3FDC}"
EndProject
Project("{9A19103F-16F7-4668-BE54-9A1E7A4F7556}") = "Report.Business.Test", "Report.Business.Test\Report.Business.Test.csproj", "{C207BF93-D825-4BBD-81D4-D66892931FF3}"
EndProject
Project("{2150E333-8FDC-42A3-9474-1A3956D46DE8}") = "Solution Items", "Solution Items", "{7FE3846A-C1D7-4105-9307-D74F0DA9A9EE}"
	ProjectSection(SolutionItems) = preProject
		.editorconfig = .editorconfig
	EndProjectSection
EndProject
Project("{9A19103F-16F7-4668-BE54-9A1E7A4F7556}") = "Contact.Business.Test", "Contact.Business.Test\Contact.Business.Test.csproj", "{BF245B42-5FE3-4557-940A-380BC75D3D83}"
EndProject
Project("{FAE04EC0-301F-11D3-BF4B-00C04F79EFBC}") = "Report.BackgroundWorker", "Report.BackgroundWorker\Report.BackgroundWorker.csproj", "{075EF4BF-1A10-4CF1-9EF2-06FA1D75D462}"
EndProject
Project("{FAE04EC0-301F-11D3-BF4B-00C04F79EFBC}") = "Gateway", "Gateway\Gateway.csproj", "{1997BB8B-BDBF-4252-9E25-042256CF7599}"
EndProject
Global
	GlobalSection(SolutionConfigurationPlatforms) = preSolution
		Debug|Any CPU = Debug|Any CPU
		Release|Any CPU = Release|Any CPU
	EndGlobalSection
	GlobalSection(ProjectConfigurationPlatforms) = postSolution
		{F33CE4E5-F7C0-4365-A723-3DFEE60053C6}.Debug|Any CPU.ActiveCfg = Debug|Any CPU
		{F33CE4E5-F7C0-4365-A723-3DFEE60053C6}.Debug|Any CPU.Build.0 = Debug|Any CPU
		{F33CE4E5-F7C0-4365-A723-3DFEE60053C6}.Release|Any CPU.ActiveCfg = Release|Any CPU
		{F33CE4E5-F7C0-4365-A723-3DFEE60053C6}.Release|Any CPU.Build.0 = Release|Any CPU
		{51140F38-5024-43CF-970A-D71F6C4556B9}.Debug|Any CPU.ActiveCfg = Debug|Any CPU
		{51140F38-5024-43CF-970A-D71F6C4556B9}.Debug|Any CPU.Build.0 = Debug|Any CPU
		{51140F38-5024-43CF-970A-D71F6C4556B9}.Release|Any CPU.ActiveCfg = Release|Any CPU
		{51140F38-5024-43CF-970A-D71F6C4556B9}.Release|Any CPU.Build.0 = Release|Any CPU
		{1CC92FCF-8FB4-4319-B265-838E69EBA841}.Debug|Any CPU.ActiveCfg = Debug|Any CPU
		{1CC92FCF-8FB4-4319-B265-838E69EBA841}.Debug|Any CPU.Build.0 = Debug|Any CPU
		{1CC92FCF-8FB4-4319-B265-838E69EBA841}.Release|Any CPU.ActiveCfg = Release|Any CPU
		{1CC92FCF-8FB4-4319-B265-838E69EBA841}.Release|Any CPU.Build.0 = Release|Any CPU
		{EC556C69-C9DF-41E7-B13C-FAA56AD23C6B}.Debug|Any CPU.ActiveCfg = Debug|Any CPU
		{EC556C69-C9DF-41E7-B13C-FAA56AD23C6B}.Debug|Any CPU.Build.0 = Debug|Any CPU
		{EC556C69-C9DF-41E7-B13C-FAA56AD23C6B}.Release|Any CPU.ActiveCfg = Release|Any CPU
		{EC556C69-C9DF-41E7-B13C-FAA56AD23C6B}.Release|Any CPU.Build.0 = Release|Any CPU
		{14369827-89C4-4A83-BFFE-B24220179857}.Debug|Any CPU.ActiveCfg = Debug|Any CPU
		{14369827-89C4-4A83-BFFE-B24220179857}.Debug|Any CPU.Build.0 = Debug|Any CPU
		{14369827-89C4-4A83-BFFE-B24220179857}.Release|Any CPU.ActiveCfg = Release|Any CPU
		{14369827-89C4-4A83-BFFE-B24220179857}.Release|Any CPU.Build.0 = Release|Any CPU
		{A1B3BF8D-2831-4783-8E70-FDEA070076C2}.Debug|Any CPU.ActiveCfg = Debug|Any CPU
		{A1B3BF8D-2831-4783-8E70-FDEA070076C2}.Debug|Any CPU.Build.0 = Debug|Any CPU
		{A1B3BF8D-2831-4783-8E70-FDEA070076C2}.Release|Any CPU.ActiveCfg = Release|Any CPU
		{A1B3BF8D-2831-4783-8E70-FDEA070076C2}.Release|Any CPU.Build.0 = Release|Any CPU
		{56590492-63CC-40AD-BC35-FCB08E23BAF5}.Debug|Any CPU.ActiveCfg = Debug|Any CPU
		{56590492-63CC-40AD-BC35-FCB08E23BAF5}.Debug|Any CPU.Build.0 = Debug|Any CPU
		{56590492-63CC-40AD-BC35-FCB08E23BAF5}.Release|Any CPU.ActiveCfg = Release|Any CPU
		{56590492-63CC-40AD-BC35-FCB08E23BAF5}.Release|Any CPU.Build.0 = Release|Any CPU
		{55FF40EB-594F-49D3-9F5C-39E917BF3FDC}.Debug|Any CPU.ActiveCfg = Debug|Any CPU
		{55FF40EB-594F-49D3-9F5C-39E917BF3FDC}.Debug|Any CPU.Build.0 = Debug|Any CPU
		{55FF40EB-594F-49D3-9F5C-39E917BF3FDC}.Release|Any CPU.ActiveCfg = Release|Any CPU
		{55FF40EB-594F-49D3-9F5C-39E917BF3FDC}.Release|Any CPU.Build.0 = Release|Any CPU
		{C207BF93-D825-4BBD-81D4-D66892931FF3}.Debug|Any CPU.ActiveCfg = Debug|Any CPU
		{C207BF93-D825-4BBD-81D4-D66892931FF3}.Debug|Any CPU.Build.0 = Debug|Any CPU
		{C207BF93-D825-4BBD-81D4-D66892931FF3}.Release|Any CPU.ActiveCfg = Release|Any CPU
		{C207BF93-D825-4BBD-81D4-D66892931FF3}.Release|Any CPU.Build.0 = Release|Any CPU
		{BF245B42-5FE3-4557-940A-380BC75D3D83}.Debug|Any CPU.ActiveCfg = Debug|Any CPU
		{BF245B42-5FE3-4557-940A-380BC75D3D83}.Debug|Any CPU.Build.0 = Debug|Any CPU
		{BF245B42-5FE3-4557-940A-380BC75D3D83}.Release|Any CPU.ActiveCfg = Release|Any CPU
		{BF245B42-5FE3-4557-940A-380BC75D3D83}.Release|Any CPU.Build.0 = Release|Any CPU
		{075EF4BF-1A10-4CF1-9EF2-06FA1D75D462}.Debug|Any CPU.ActiveCfg = Debug|Any CPU
		{075EF4BF-1A10-4CF1-9EF2-06FA1D75D462}.Debug|Any CPU.Build.0 = Debug|Any CPU
		{075EF4BF-1A10-4CF1-9EF2-06FA1D75D462}.Release|Any CPU.ActiveCfg = Release|Any CPU
		{075EF4BF-1A10-4CF1-9EF2-06FA1D75D462}.Release|Any CPU.Build.0 = Release|Any CPU
		{1997BB8B-BDBF-4252-9E25-042256CF7599}.Debug|Any CPU.ActiveCfg = Debug|Any CPU
		{1997BB8B-BDBF-4252-9E25-042256CF7599}.Debug|Any CPU.Build.0 = Debug|Any CPU
		{1997BB8B-BDBF-4252-9E25-042256CF7599}.Release|Any CPU.ActiveCfg = Release|Any CPU
		{1997BB8B-BDBF-4252-9E25-042256CF7599}.Release|Any CPU.Build.0 = Release|Any CPU
	EndGlobalSection
	GlobalSection(SolutionProperties) = preSolution
		HideSolutionNode = FALSE
	EndGlobalSection
	GlobalSection(NestedProjects) = preSolution
		{16B3A059-E2FF-4E08-9546-C6ACA10927BD} = {139723CE-A4AD-406E-86B1-6A2358A19CBC}
		{D07E442B-D315-4AC6-B29B-6AEA419F0E51} = {139723CE-A4AD-406E-86B1-6A2358A19CBC}
		{F33CE4E5-F7C0-4365-A723-3DFEE60053C6} = {16B3A059-E2FF-4E08-9546-C6ACA10927BD}
		{51140F38-5024-43CF-970A-D71F6C4556B9} = {16B3A059-E2FF-4E08-9546-C6ACA10927BD}
		{1CC92FCF-8FB4-4319-B265-838E69EBA841} = {16B3A059-E2FF-4E08-9546-C6ACA10927BD}
		{EC556C69-C9DF-41E7-B13C-FAA56AD23C6B} = {16B3A059-E2FF-4E08-9546-C6ACA10927BD}
		{14369827-89C4-4A83-BFFE-B24220179857} = {D07E442B-D315-4AC6-B29B-6AEA419F0E51}
		{A1B3BF8D-2831-4783-8E70-FDEA070076C2} = {D07E442B-D315-4AC6-B29B-6AEA419F0E51}
		{56590492-63CC-40AD-BC35-FCB08E23BAF5} = {D07E442B-D315-4AC6-B29B-6AEA419F0E51}
		{55FF40EB-594F-49D3-9F5C-39E917BF3FDC} = {D07E442B-D315-4AC6-B29B-6AEA419F0E51}
		{C207BF93-D825-4BBD-81D4-D66892931FF3} = {D07E442B-D315-4AC6-B29B-6AEA419F0E51}
		{BF245B42-5FE3-4557-940A-380BC75D3D83} = {16B3A059-E2FF-4E08-9546-C6ACA10927BD}
		{075EF4BF-1A10-4CF1-9EF2-06FA1D75D462} = {D07E442B-D315-4AC6-B29B-6AEA419F0E51}
	EndGlobalSection
	GlobalSection(ExtensibilityGlobals) = postSolution
		SolutionGuid = {56F3C00A-53FF-4E38-B80C-7A59E5F47309}
	EndGlobalSection
EndGlobal
